
Microsoft Visual Studio Solution File, Format Version 12.00
# Visual Studio Version 17
VisualStudioVersion = 17.2.32630.192
MinimumVisualStudioVersion = 10.0.40219.1
Project("{FAE04EC0-301F-11D3-BF4B-00C04F79EFBC}") = "MVCLibraryWebApplication", "MVCLibraryWebApplication\MVCLibraryWebApplication.csproj", "{FB115D08-4DBE-45B0-A815-7D9CBB43F282}"
EndProject
Global
	GlobalSection(SolutionConfigurationPlatforms) = preSolution
		Debug|Any CPU = Debug|Any CPU
		Release|Any CPU = Release|Any CPU
	EndGlobalSection
	GlobalSection(ProjectConfigurationPlatforms) = postSolution
		{FB115D08-4DBE-45B0-A815-7D9CBB43F282}.Debug|Any CPU.ActiveCfg = Debug|Any CPU
		{FB115D08-4DBE-45B0-A815-7D9CBB43F282}.Debug|Any CPU.Build.0 = Debug|Any CPU
		{FB115D08-4DBE-45B0-A815-7D9CBB43F282}.Release|Any CPU.ActiveCfg = Release|Any CPU
		{FB115D08-4DBE-45B0-A815-7D9CBB43F282}.Release|Any CPU.Build.0 = Release|Any CPU
	EndGlobalSection
	GlobalSection(SolutionProperties) = preSolution
		HideSolutionNode = FALSE
	EndGlobalSection
	GlobalSection(ExtensibilityGlobals) = postSolution
		SolutionGuid = {27EEF5EE-621F-4FF1-8A44-2082C1B7E6EB}
	EndGlobalSection
EndGlobal
